
Microsoft Visual Studio Solution File, Format Version 12.00
# Visual Studio Version 17
VisualStudioVersion = 17.8.34330.188
MinimumVisualStudioVersion = 10.0.40219.1
Project("{9A19103F-16F7-4668-BE54-9A1E7A4F7556}") = "WebAPI", "WebAPI.csproj", "{E85493C4-863E-4A9B-B5C6-9CA2FFD89607}"
EndProject
Global
	GlobalSection(SolutionConfigurationPlatforms) = preSolution
		Debug|Any CPU = Debug|Any CPU
		Release|Any CPU = Release|Any CPU
	EndGlobalSection
	GlobalSection(ProjectConfigurationPlatforms) = postSolution
		{E85493C4-863E-4A9B-B5C6-9CA2FFD89607}.Debug|Any CPU.ActiveCfg = Debug|Any CPU
		{E85493C4-863E-4A9B-B5C6-9CA2FFD89607}.Debug|Any CPU.Build.0 = Debug|Any CPU
		{E85493C4-863E-4A9B-B5C6-9CA2FFD89607}.Release|Any CPU.ActiveCfg = Release|Any CPU
		{E85493C4-863E-4A9B-B5C6-9CA2FFD89607}.Release|Any CPU.Build.0 = Release|Any CPU
	EndGlobalSection
	GlobalSection(SolutionProperties) = preSolution
		HideSolutionNode = FALSE
	EndGlobalSection
	GlobalSection(ExtensibilityGlobals) = postSolution
		SolutionGuid = {ADF6A5F4-211D-462B-98B9-0A3955488D05}
	EndGlobalSection
EndGlobal
